
Microsoft Visual Studio Solution File, Format Version 12.00
# Visual Studio Version 16
VisualStudioVersion = 16.0.31321.278
MinimumVisualStudioVersion = 10.0.40219.1
Project("{FAE04EC0-301F-11D3-BF4B-00C04F79EFBC}") = "changeicon", "changeicon\changeicon.csproj", "{20B46E06-6671-418E-837E-ECDDE2E70C24}"
EndProject
Global
	GlobalSection(SolutionConfigurationPlatforms) = preSolution
		Debug|Any CPU = Debug|Any CPU
		Release|Any CPU = Release|Any CPU
	EndGlobalSection
	GlobalSection(ProjectConfigurationPlatforms) = postSolution
		{20B46E06-6671-418E-837E-ECDDE2E70C24}.Debug|Any CPU.ActiveCfg = Debug|Any CPU
		{20B46E06-6671-418E-837E-ECDDE2E70C24}.Debug|Any CPU.Build.0 = Debug|Any CPU
		{20B46E06-6671-418E-837E-ECDDE2E70C24}.Release|Any CPU.ActiveCfg = Release|Any CPU
		{20B46E06-6671-418E-837E-ECDDE2E70C24}.Release|Any CPU.Build.0 = Release|Any CPU
	EndGlobalSection
	GlobalSection(SolutionProperties) = preSolution
		HideSolutionNode = FALSE
	EndGlobalSection
	GlobalSection(ExtensibilityGlobals) = postSolution
		SolutionGuid = {C3DF71FF-9EAE-4236-9927-93E8DF4885B7}
	EndGlobalSection
EndGlobal
